
Microsoft Visual Studio Solution File, Format Version 12.00
# Visual Studio 15
Project("{FAE04EC0-301F-11D3-BF4B-00C04F79EFBC}") = "xf.practices.artistfy.Android", "xf.practices.artistfy.Android\xf.practices.artistfy.Android.csproj", "{A636F87A-2E87-413F-B3A0-691DAFD715DE}"
EndProject
Project("{FAE04EC0-301F-11D3-BF4B-00C04F79EFBC}") = "xf.practices.artistfy.iOS", "xf.practices.artistfy.iOS\xf.practices.artistfy.iOS.csproj", "{C1F6300C-C44E-4D99-90C2-264FB6E73DCE}"
EndProject
Project("{FAE04EC0-301F-11D3-BF4B-00C04F79EFBC}") = "xf.practices.artistfy", "xf.practices.artistfy\xf.practices.artistfy.csproj", "{1491C10E-3776-4FFF-99FA-A5C22E7F995B}"
EndProject
Global
	GlobalSection(SolutionConfigurationPlatforms) = preSolution
		Debug|Any CPU = Debug|Any CPU
		Release|Any CPU = Release|Any CPU
		Debug|iPhoneSimulator = Debug|iPhoneSimulator
		Release|iPhoneSimulator = Release|iPhoneSimulator
		Debug|iPhone = Debug|iPhone
		Release|iPhone = Release|iPhone
		Ad-Hoc|iPhone = Ad-Hoc|iPhone
		AppStore|iPhone = AppStore|iPhone
	EndGlobalSection
	GlobalSection(ProjectConfigurationPlatforms) = postSolution
		{A636F87A-2E87-413F-B3A0-691DAFD715DE}.Debug|Any CPU.ActiveCfg = Debug|Any CPU
		{A636F87A-2E87-413F-B3A0-691DAFD715DE}.Debug|Any CPU.Build.0 = Debug|Any CPU
		{A636F87A-2E87-413F-B3A0-691DAFD715DE}.Release|Any CPU.ActiveCfg = Release|Any CPU
		{A636F87A-2E87-413F-B3A0-691DAFD715DE}.Release|Any CPU.Build.0 = Release|Any CPU
		{A636F87A-2E87-413F-B3A0-691DAFD715DE}.Debug|iPhoneSimulator.ActiveCfg = Debug|Any CPU
		{A636F87A-2E87-413F-B3A0-691DAFD715DE}.Debug|iPhoneSimulator.Build.0 = Debug|Any CPU
		{A636F87A-2E87-413F-B3A0-691DAFD715DE}.Release|iPhoneSimulator.ActiveCfg = Release|Any CPU
		{A636F87A-2E87-413F-B3A0-691DAFD715DE}.Release|iPhoneSimulator.Build.0 = Release|Any CPU
		{A636F87A-2E87-413F-B3A0-691DAFD715DE}.Debug|iPhone.ActiveCfg = Debug|Any CPU
		{A636F87A-2E87-413F-B3A0-691DAFD715DE}.Debug|iPhone.Build.0 = Debug|Any CPU
		{A636F87A-2E87-413F-B3A0-691DAFD715DE}.Release|iPhone.ActiveCfg = Release|Any CPU
		{A636F87A-2E87-413F-B3A0-691DAFD715DE}.Release|iPhone.Build.0 = Release|Any CPU
		{A636F87A-2E87-413F-B3A0-691DAFD715DE}.Ad-Hoc|iPhone.ActiveCfg = Debug|Any CPU
		{A636F87A-2E87-413F-B3A0-691DAFD715DE}.Ad-Hoc|iPhone.Build.0 = Debug|Any CPU
		{A636F87A-2E87-413F-B3A0-691DAFD715DE}.AppStore|iPhone.ActiveCfg = Debug|Any CPU
		{A636F87A-2E87-413F-B3A0-691DAFD715DE}.AppStore|iPhone.Build.0 = Debug|Any CPU
		{C1F6300C-C44E-4D99-90C2-264FB6E73DCE}.Debug|Any CPU.ActiveCfg = Debug|iPhoneSimulator
		{C1F6300C-C44E-4D99-90C2-264FB6E73DCE}.Debug|Any CPU.Build.0 = Debug|iPhoneSimulator
		{C1F6300C-C44E-4D99-90C2-264FB6E73DCE}.Release|Any CPU.ActiveCfg = Release|iPhoneSimulator
		{C1F6300C-C44E-4D99-90C2-264FB6E73DCE}.Release|Any CPU.Build.0 = Release|iPhoneSimulator
		{C1F6300C-C44E-4D99-90C2-264FB6E73DCE}.Debug|iPhoneSimulator.ActiveCfg = Debug|iPhoneSimulator
		{C1F6300C-C44E-4D99-90C2-264FB6E73DCE}.Debug|iPhoneSimulator.Build.0 = Debug|iPhoneSimulator
		{C1F6300C-C44E-4D99-90C2-264FB6E73DCE}.Release|iPhoneSimulator.ActiveCfg = Release|iPhoneSimulator
		{C1F6300C-C44E-4D99-90C2-264FB6E73DCE}.Release|iPhoneSimulator.Build.0 = Release|iPhoneSimulator
		{C1F6300C-C44E-4D99-90C2-264FB6E73DCE}.Debug|iPhone.ActiveCfg = Debug|iPhone
		{C1F6300C-C44E-4D99-90C2-264FB6E73DCE}.Debug|iPhone.Build.0 = Debug|iPhone
		{C1F6300C-C44E-4D99-90C2-264FB6E73DCE}.Release|iPhone.ActiveCfg = Release|iPhone
		{C1F6300C-C44E-4D99-90C2-264FB6E73DCE}.Release|iPhone.Build.0 = Release|iPhone
		{C1F6300C-C44E-4D99-90C2-264FB6E73DCE}.Ad-Hoc|iPhone.ActiveCfg = Ad-Hoc|iPhone
		{C1F6300C-C44E-4D99-90C2-264FB6E73DCE}.Ad-Hoc|iPhone.Build.0 = Ad-Hoc|iPhone
		{C1F6300C-C44E-4D99-90C2-264FB6E73DCE}.AppStore|iPhone.ActiveCfg = AppStore|iPhone
		{C1F6300C-C44E-4D99-90C2-264FB6E73DCE}.AppStore|iPhone.Build.0 = AppStore|iPhone
		{1491C10E-3776-4FFF-99FA-A5C22E7F995B}.Debug|Any CPU.ActiveCfg = Debug|Any CPU
		{1491C10E-3776-4FFF-99FA-A5C22E7F995B}.Debug|Any CPU.Build.0 = Debug|Any CPU
		{1491C10E-3776-4FFF-99FA-A5C22E7F995B}.Release|Any CPU.ActiveCfg = Release|Any CPU
		{1491C10E-3776-4FFF-99FA-A5C22E7F995B}.Release|Any CPU.Build.0 = Release|Any CPU
		{1491C10E-3776-4FFF-99FA-A5C22E7F995B}.Debug|iPhoneSimulator.ActiveCfg = Debug|Any CPU
		{1491C10E-3776-4FFF-99FA-A5C22E7F995B}.Debug|iPhoneSimulator.Build.0 = Debug|Any CPU
		{1491C10E-3776-4FFF-99FA-A5C22E7F995B}.Release|iPhoneSimulator.ActiveCfg = Release|Any CPU
		{1491C10E-3776-4FFF-99FA-A5C22E7F995B}.Release|iPhoneSimulator.Build.0 = Release|Any CPU
		{1491C10E-3776-4FFF-99FA-A5C22E7F995B}.Debug|iPhone.ActiveCfg = Debug|Any CPU
		{1491C10E-3776-4FFF-99FA-A5C22E7F995B}.Debug|iPhone.Build.0 = Debug|Any CPU
		{1491C10E-3776-4FFF-99FA-A5C22E7F995B}.Release|iPhone.ActiveCfg = Release|Any CPU
		{1491C10E-3776-4FFF-99FA-A5C22E7F995B}.Release|iPhone.Build.0 = Release|Any CPU
		{1491C10E-3776-4FFF-99FA-A5C22E7F995B}.Ad-Hoc|iPhone.ActiveCfg = Debug|Any CPU
		{1491C10E-3776-4FFF-99FA-A5C22E7F995B}.Ad-Hoc|iPhone.Build.0 = Debug|Any CPU
		{1491C10E-3776-4FFF-99FA-A5C22E7F995B}.AppStore|iPhone.ActiveCfg = Debug|Any CPU
		{1491C10E-3776-4FFF-99FA-A5C22E7F995B}.AppStore|iPhone.Build.0 = Debug|Any CPU
	EndGlobalSection
EndGlobal
